// !$*UTF8*$!
{
	archiveVersion = 1;
	classes = {
	};
	objectVersion = 50;
	objects = {

/* Begin PBXBuildFile section */
		B32F2D1822CC806F00A81657 /* AppDelegate.swift in Sources */ = {isa = PBXBuildFile; fileRef = B32F2D1722CC806F00A81657 /* AppDelegate.swift */; };
		B32F2D1A22CC806F00A81657 /* ViewController.swift in Sources */ = {isa = PBXBuildFile; fileRef = B32F2D1922CC806F00A81657 /* ViewController.swift */; };
		B32F2D1D22CC806F00A81657 /* Main.storyboard in Resources */ = {isa = PBXBuildFile; fileRef = B32F2D1B22CC806F00A81657 /* Main.storyboard */; };
		B32F2D1F22CC807000A81657 /* Assets.xcassets in Resources */ = {isa = PBXBuildFile; fileRef = B32F2D1E22CC807000A81657 /* Assets.xcassets */; };
		B32F2D2222CC807000A81657 /* LaunchScreen.storyboard in Resources */ = {isa = PBXBuildFile; fileRef = B32F2D2022CC807000A81657 /* LaunchScreen.storyboard */; };
		B32F2D2D22CC807000A81657 /* Swift_____Tests.swift in Sources */ = {isa = PBXBuildFile; fileRef = B32F2D2C22CC807000A81657 /* Swift_____Tests.swift */; };
		B32F2D3822CC807000A81657 /* Swift_____UITests.swift in Sources */ = {isa = PBXBuildFile; fileRef = B32F2D3722CC807000A81657 /* Swift_____UITests.swift */; };
		B32F2D4622CC809D00A81657 /* Swift_FileManager.swift in Sources */ = {isa = PBXBuildFile; fileRef = B32F2D4522CC809D00A81657 /* Swift_FileManager.swift */; };
/* End PBXBuildFile section */

/* Begin PBXContainerItemProxy section */
		B32F2D2922CC807000A81657 /* PBXContainerItemProxy */ = {
			isa = PBXContainerItemProxy;
			containerPortal = B32F2D0C22CC806F00A81657 /* Project object */;
			proxyType = 1;
			remoteGlobalIDString = B32F2D1322CC806F00A81657;
			remoteInfo = "Swift_文件操作";
		};
		B32F2D3422CC807000A81657 /* PBXContainerItemProxy */ = {
			isa = PBXContainerItemProxy;
			containerPortal = B32F2D0C22CC806F00A81657 /* Project object */;
			proxyType = 1;
			remoteGlobalIDString = B32F2D1322CC806F00A81657;
			remoteInfo = "Swift_文件操作";
		};
/* End PBXContainerItemProxy section */

/* Begin PBXFileReference section */
		B32F2D1422CC806F00A81657 /* Swift_文件操作.app */ = {isa = PBXFileReference; explicitFileType = wrapper.application; includeInIndex = 0; path = "Swift_文件操作.app"; sourceTree = BUILT_PRODUCTS_DIR; };
		B32F2D1722CC806F00A81657 /* AppDelegate.swift */ = {isa = PBXFileReference; lastKnownFileType = sourcecode.swift; path = AppDelegate.swift; sourceTree = "<group>"; };
		B32F2D1922CC806F00A81657 /* ViewController.swift */ = {isa = PBXFileReference; lastKnownFileType = sourcecode.swift; path = ViewController.swift; sourceTree = "<group>"; };
		B32F2D1C22CC806F00A81657 /* Base */ = {isa = PBXFileReference; lastKnownFileType = file.storyboard; name = Base; path = Base.lproj/Main.storyboard; sourceTree = "<group>"; };
		B32F2D1E22CC807000A81657 /* Assets.xcassets */ = {isa = PBXFileReference; lastKnownFileType = folder.assetcatalog; path = Assets.xcassets; sourceTree = "<group>"; };
		B32F2D2122CC807000A81657 /* Base */ = {isa = PBXFileReference; lastKnownFileType = file.storyboard; name = Base; path = Base.lproj/LaunchScreen.storyboard; sourceTree = "<group>"; };
		B32F2D2322CC807000A81657 /* Info.plist */ = {isa = PBXFileReference; lastKnownFileType = text.plist.xml; path = Info.plist; sourceTree = "<group>"; };
		B32F2D2822CC807000A81657 /* Swift_文件操作Tests.xctest */ = {isa = PBXFileReference; explicitFileType = wrapper.cfbundle; includeInIndex = 0; path = "Swift_文件操作Tests.xctest"; sourceTree = BUILT_PRODUCTS_DIR; };
		B32F2D2C22CC807000A81657 /* Swift_____Tests.swift */ = {isa = PBXFileReference; lastKnownFileType = sourcecode.swift; path = "Swift_____Tests.swift"; sourceTree = "<group>"; };
		B32F2D2E22CC807000A81657 /* Info.plist */ = {isa = PBXFileReference; lastKnownFileType = text.plist.xml; path = Info.plist; sourceTree = "<group>"; };
		B32F2D3322CC807000A81657 /* Swift_文件操作UITests.xctest */ = {isa = PBXFileReference; explicitFileType = wrapper.cfbundle; includeInIndex = 0; path = "Swift_文件操作UITests.xctest"; sourceTree = BUILT_PRODUCTS_DIR; };
		B32F2D3722CC807000A81657 /* Swift_____UITests.swift */ = {isa = PBXFileReference; lastKnownFileType = sourcecode.swift; path = "Swift_____UITests.swift"; sourceTree = "<group>"; };
		B32F2D3922CC807000A81657 /* Info.plist */ = {isa = PBXFileReference; lastKnownFileType = text.plist.xml; path = Info.plist; sourceTree = "<group>"; };
		B32F2D4522CC809D00A81657 /* Swift_FileManager.swift */ = {isa = PBXFileReference; lastKnownFileType = sourcecode.swift; path = Swift_FileManager.swift; sourceTree = "<group>"; };
/* End PBXFileReference section */

/* Begin PBXFrameworksBuildPhase section */
		B32F2D1122CC806F00A81657 /* Frameworks */ = {
			isa = PBXFrameworksBuildPhase;
			buildActionMask = 2147483647;
			files = (
			);
			runOnlyForDeploymentPostprocessing = 0;
		};
		B32F2D2522CC807000A81657 /* Frameworks */ = {
			isa = PBXFrameworksBuildPhase;
			buildActionMask = 2147483647;
			files = (
			);
			runOnlyForDeploymentPostprocessing = 0;
		};
		B32F2D3022CC807000A81657 /* Frameworks */ = {
			isa = PBXFrameworksBuildPhase;
			buildActionMask = 2147483647;
			files = (
			);
			runOnlyForDeploymentPostprocessing = 0;
		};
/* End PBXFrameworksBuildPhase section */

/* Begin PBXGroup section */
		B32F2D0B22CC806F00A81657 = {
			isa = PBXGroup;
			children = (
				B32F2D1622CC806F00A81657 /* Swift_文件操作 */,
				B32F2D2B22CC807000A81657 /* Swift_文件操作Tests */,
				B32F2D3622CC807000A81657 /* Swift_文件操作UITests */,
				B32F2D1522CC806F00A81657 /* Products */,
			);
			sourceTree = "<group>";
		};
		B32F2D1522CC806F00A81657 /* Products */ = {
			isa = PBXGroup;
			children = (
				B32F2D1422CC806F00A81657 /* Swift_文件操作.app */,
				B32F2D2822CC807000A81657 /* Swift_文件操作Tests.xctest */,
				B32F2D3322CC807000A81657 /* Swift_文件操作UITests.xctest */,
			);
			name = Products;
			sourceTree = "<group>";
		};
		B32F2D1622CC806F00A81657 /* Swift_文件操作 */ = {
			isa = PBXGroup;
			children = (
				B32F2D1722CC806F00A81657 /* AppDelegate.swift */,
				B32F2D1922CC806F00A81657 /* ViewController.swift */,
				B32F2D1B22CC806F00A81657 /* Main.storyboard */,
				B32F2D1E22CC807000A81657 /* Assets.xcassets */,
				B32F2D2022CC807000A81657 /* LaunchScreen.storyboard */,
				B32F2D2322CC807000A81657 /* Info.plist */,
				B32F2D4522CC809D00A81657 /* Swift_FileManager.swift */,
			);
			path = "Swift_文件操作";
			sourceTree = "<group>";
		};
		B32F2D2B22CC807000A81657 /* Swift_文件操作Tests */ = {
			isa = PBXGroup;
			children = (
				B32F2D2C22CC807000A81657 /* Swift_____Tests.swift */,
				B32F2D2E22CC807000A81657 /* Info.plist */,
			);
			path = "Swift_文件操作Tests";
			sourceTree = "<group>";
		};
		B32F2D3622CC807000A81657 /* Swift_文件操作UITests */ = {
			isa = PBXGroup;
			children = (
				B32F2D3722CC807000A81657 /* Swift_____UITests.swift */,
				B32F2D3922CC807000A81657 /* Info.plist */,
			);
			path = "Swift_文件操作UITests";
			sourceTree = "<group>";
		};
/* End PBXGroup section */

/* Begin PBXNativeTarget section */
		B32F2D1322CC806F00A81657 /* Swift_文件操作 */ = {
			isa = PBXNativeTarget;
			buildConfigurationList = B32F2D3C22CC807000A81657 /* Build configuration list for PBXNativeTarget "Swift_文件操作" */;
			buildPhases = (
				B32F2D1022CC806F00A81657 /* Sources */,
				B32F2D1122CC806F00A81657 /* Frameworks */,
				B32F2D1222CC806F00A81657 /* Resources */,
			);
			buildRules = (
			);
			dependencies = (
			);
			name = "Swift_文件操作";
			productName = "Swift_文件操作";
			productReference = B32F2D1422CC806F00A81657 /* Swift_文件操作.app */;
			productType = "com.apple.product-type.application";
		};
		B32F2D2722CC807000A81657 /* Swift_文件操作Tests */ = {
			isa = PBXNativeTarget;
			buildConfigurationList = B32F2D3F22CC807000A81657 /* Build configuration list for PBXNativeTarget "Swift_文件操作Tests" */;
			buildPhases = (
				B32F2D2422CC807000A81657 /* Sources */,
				B32F2D2522CC807000A81657 /* Frameworks */,
				B32F2D2622CC807000A81657 /* Resources */,
			);
			buildRules = (
			);
			dependencies = (
				B32F2D2A22CC807000A81657 /* PBXTargetDependency */,
			);
			name = "Swift_文件操作Tests";
			productName = "Swift_文件操作Tests";
			productReference = B32F2D2822CC807000A81657 /* Swift_文件操作Tests.xctest */;
			productType = "com.apple.product-type.bundle.unit-test";
		};
		B32F2D3222CC807000A81657 /* Swift_文件操作UITests */ = {
			isa = PBXNativeTarget;
			buildConfigurationList = B32F2D4222CC807000A81657 /* Build configuration list for PBXNativeTarget "Swift_文件操作UITests" */;
			buildPhases = (
				B32F2D2F22CC807000A81657 /* Sources */,
				B32F2D3022CC807000A81657 /* Frameworks */,
				B32F2D3122CC807000A81657 /* Resources */,
			);
			buildRules = (
			);
			dependencies = (
				B32F2D3522CC807000A81657 /* PBXTargetDependency */,
			);
			name = "Swift_文件操作UITests";
			productName = "Swift_文件操作UITests";
			productReference = B32F2D3322CC807000A81657 /* Swift_文件操作UITests.xctest */;
			productType = "com.apple.product-type.bundle.ui-testing";
		};
/* End PBXNativeTarget section */

/* Begin PBXProject section */
		B32F2D0C22CC806F00A81657 /* Project object */ = {
			isa = PBXProject;
			attributes = {
				LastSwiftUpdateCheck = 1020;
				LastUpgradeCheck = 1020;
				ORGANIZATIONNAME = JX;
				TargetAttributes = {
					B32F2D1322CC806F00A81657 = {
						CreatedOnToolsVersion = 10.2.1;
					};
					B32F2D2722CC807000A81657 = {
						CreatedOnToolsVersion = 10.2.1;
						TestTargetID = B32F2D1322CC806F00A81657;
					};
					B32F2D3222CC807000A81657 = {
						CreatedOnToolsVersion = 10.2.1;
						TestTargetID = B32F2D1322CC806F00A81657;
					};
				};
			};
			buildConfigurationList = B32F2D0F22CC806F00A81657 /* Build configuration list for PBXProject "Swift_文件操作" */;
			compatibilityVersion = "Xcode 9.3";
			developmentRegion = en;
			hasScannedForEncodings = 0;
			knownRegions = (
				en,
				Base,
			);
			mainGroup = B32F2D0B22CC806F00A81657;
			productRefGroup = B32F2D1522CC806F00A81657 /* Products */;
			projectDirPath = "";
			projectRoot = "";
			targets = (
				B32F2D1322CC806F00A81657 /* Swift_文件操作 */,
				B32F2D2722CC807000A81657 /* Swift_文件操作Tests */,
				B32F2D3222CC807000A81657 /* Swift_文件操作UITests */,
			);
		};
/* End PBXProject section */

/* Begin PBXResourcesBuildPhase section */
		B32F2D1222CC806F00A81657 /* Resources */ = {
			isa = PBXResourcesBuildPhase;
			buildActionMask = 2147483647;
			files = (
				B32F2D2222CC807000A81657 /* LaunchScreen.storyboard in Resources */,
				B32F2D1F22CC807000A81657 /* Assets.xcassets in Resources */,
				B32F2D1D22CC806F00A81657 /* Main.storyboard in Resources */,
			);
			runOnlyForDeploymentPostprocessing = 0;
		};
		B32F2D2622CC807000A81657 /* Resources */ = {
			isa = PBXResourcesBuildPhase;
			buildActionMask = 2147483647;
			files = (
			);
			runOnlyForDeploymentPostprocessing = 0;
		};
		B32F2D3122CC807000A81657 /* Resources */ = {
			isa = PBXResourcesBuildPhase;
			buildActionMask = 2147483647;
			files = (
			);
			runOnlyForDeploymentPostprocessing = 0;
		};
/* End PBXResourcesBuildPhase section */

/* Begin PBXSourcesBuildPhase section */
		B32F2D1022CC806F00A81657 /* Sources */ = {
			isa = PBXSourcesBuildPhase;
			buildActionMask = 2147483647;
			files = (
				B32F2D4622CC809D00A81657 /* Swift_FileManager.swift in Sources */,
				B32F2D1A22CC806F00A81657 /* ViewController.swift in Sources */,
				B32F2D1822CC806F00A81657 /* AppDelegate.swift in Sources */,
			);
			runOnlyForDeploymentPostprocessing = 0;
		};
		B32F2D2422CC807000A81657 /* Sources */ = {
			isa = PBXSourcesBuildPhase;
			buildActionMask = 2147483647;
			files = (
				B32F2D2D22CC807000A81657 /* Swift_____Tests.swift in Sources */,
			);
			runOnlyForDeploymentPostprocessing = 0;
		};
		B32F2D2F22CC807000A81657 /* Sources */ = {
			isa = PBXSourcesBuildPhase;
			buildActionMask = 2147483647;
			files = (
				B32F2D3822CC807000A81657 /* Swift_____UITests.swift in Sources */,
			);
			runOnlyForDeploymentPostprocessing = 0;
		};
/* End PBXSourcesBuildPhase section */

/* Begin PBXTargetDependency section */
		B32F2D2A22CC807000A81657 /* PBXTargetDependency */ = {
			isa = PBXTargetDependency;
			target = B32F2D1322CC806F00A81657 /* Swift_文件操作 */;
			targetProxy = B32F2D2922CC807000A81657 /* PBXContainerItemProxy */;
		};
		B32F2D3522CC807000A81657 /* PBXTargetDependency */ = {
			isa = PBXTargetDependency;
			target = B32F2D1322CC806F00A81657 /* Swift_文件操作 */;
			targetProxy = B32F2D3422CC807000A81657 /* PBXContainerItemProxy */;
		};
/* End PBXTargetDependency section */

/* Begin PBXVariantGroup section */
		B32F2D1B22CC806F00A81657 /* Main.storyboard */ = {
			isa = PBXVariantGroup;
			children = (
				B32F2D1C22CC806F00A81657 /* Base */,
			);
			name = Main.storyboard;
			sourceTree = "<group>";
		};
		B32F2D2022CC807000A81657 /* LaunchScreen.storyboard */ = {
			isa = PBXVariantGroup;
			children = (
				B32F2D2122CC807000A81657 /* Base */,
			);
			name = LaunchScreen.storyboard;
			sourceTree = "<group>";
		};
/* End PBXVariantGroup section */

/* Begin XCBuildConfiguration section */
		B32F2D3A22CC807000A81657 /* Debug */ = {
			isa = XCBuildConfiguration;
			buildSettings = {
				ALWAYS_SEARCH_USER_PATHS = NO;
				CLANG_ANALYZER_NONNULL = YES;
				CLANG_ANALYZER_NUMBER_OBJECT_CONVERSION = YES_AGGRESSIVE;
				CLANG_CXX_LANGUAGE_STANDARD = "gnu++14";
				CLANG_CXX_LIBRARY = "libc++";
				CLANG_ENABLE_MODULES = YES;
				CLANG_ENABLE_OBJC_ARC = YES;
				CLANG_ENABLE_OBJC_WEAK = YES;
				CLANG_WARN_BLOCK_CAPTURE_AUTORELEASING = YES;
				CLANG_WARN_BOOL_CONVERSION = YES;
				CLANG_WARN_COMMA = YES;
				CLANG_WARN_CONSTANT_CONVERSION = YES;
				CLANG_WARN_DEPRECATED_OBJC_IMPLEMENTATIONS = YES;
				CLANG_WARN_DIRECT_OBJC_ISA_USAGE = YES_ERROR;
				CLANG_WARN_DOCUMENTATION_COMMENTS = YES;
				CLANG_WARN_EMPTY_BODY = YES;
				CLANG_WARN_ENUM_CONVERSION = YES;
				CLANG_WARN_INFINITE_RECURSION = YES;
				CLANG_WARN_INT_CONVERSION = YES;
				CLANG_WARN_NON_LITERAL_NULL_CONVERSION = YES;
				CLANG_WARN_OBJC_IMPLICIT_RETAIN_SELF = YES;
				CLANG_WARN_OBJC_LITERAL_CONVERSION = YES;
				CLANG_WARN_OBJC_ROOT_CLASS = YES_ERROR;
				CLANG_WARN_RANGE_LOOP_ANALYSIS = YES;
				CLANG_WARN_STRICT_PROTOTYPES = YES;
				CLANG_WARN_SUSPICIOUS_MOVE = YES;
				CLANG_WARN_UNGUARDED_AVAILABILITY = YES_AGGRESSIVE;
				CLANG_WARN_UNREACHABLE_CODE = YES;
				CLANG_WARN__DUPLICATE_METHOD_MATCH = YES;
				CODE_SIGN_IDENTITY = "iPhone Developer";
				COPY_PHASE_STRIP = NO;
				DEBUG_INFORMATION_FORMAT = dwarf;
				ENABLE_STRICT_OBJC_MSGSEND = YES;
				ENABLE_TESTABILITY = YES;
				GCC_C_LANGUAGE_STANDARD = gnu11;
				GCC_DYNAMIC_NO_PIC = NO;
				GCC_NO_COMMON_BLOCKS = YES;
				GCC_OPTIMIZATION_LEVEL = 0;
				GCC_PREPROCESSOR_DEFINITIONS = (
					"DEBUG=1",
					"$(inherited)",
				);
				GCC_WARN_64_TO_32_BIT_CONVERSION = YES;
				GCC_WARN_ABOUT_RETURN_TYPE = YES_ERROR;
				GCC_WARN_UNDECLARED_SELECTOR = YES;
				GCC_WARN_UNINITIALIZED_AUTOS = YES_AGGRESSIVE;
				GCC_WARN_UNUSED_FUNCTION = YES;
				GCC_WARN_UNUSED_VARIABLE = YES;
				IPHONEOS_DEPLOYMENT_TARGET = 12.2;
				MTL_ENABLE_DEBUG_INFO = INCLUDE_SOURCE;
				MTL_FAST_MATH = YES;
				ONLY_ACTIVE_ARCH = YES;
				SDKROOT = iphoneos;
				SWIFT_ACTIVE_COMPILATION_CONDITIONS = DEBUG;
				SWIFT_OPTIMIZATION_LEVEL = "-Onone";
			};
			name = Debug;
		};
		B32F2D3B22CC807000A81657 /* Release */ = {
			isa = XCBuildConfiguration;
			buildSettings = {
				ALWAYS_SEARCH_USER_PATHS = NO;
				CLANG_ANALYZER_NONNULL = YES;
				CLANG_ANALYZER_NUMBER_OBJECT_CONVERSION = YES_AGGRESSIVE;
				CLANG_CXX_LANGUAGE_STANDARD = "gnu++14";
				CLANG_CXX_LIBRARY = "libc++";
				CLANG_ENABLE_MODULES = YES;
				CLANG_ENABLE_OBJC_ARC = YES;
				CLANG_ENABLE_OBJC_WEAK = YES;
				CLANG_WARN_BLOCK_CAPTURE_AUTORELEASING = YES;
				CLANG_WARN_BOOL_CONVERSION = YES;
				CLANG_WARN_COMMA = YES;
				CLANG_WARN_CONSTANT_CONVERSION = YES;
				CLANG_WARN_DEPRECATED_OBJC_IMPLEMENTATIONS = YES;
				CLANG_WARN_DIRECT_OBJC_ISA_USAGE = YES_ERROR;
				CLANG_WARN_DOCUMENTATION_COMMENTS = YES;
				CLANG_WARN_EMPTY_BODY = YES;
				CLANG_WARN_ENUM_CONVERSION = YES;
				CLANG_WARN_INFINITE_RECURSION = YES;
				CLANG_WARN_INT_CONVERSION = YES;
				CLANG_WARN_NON_LITERAL_NULL_CONVERSION = YES;
				CLANG_WARN_OBJC_IMPLICIT_RETAIN_SELF = YES;
				CLANG_WARN_OBJC_LITERAL_CONVERSION = YES;
				CLANG_WARN_OBJC_ROOT_CLASS = YES_ERROR;
				CLANG_WARN_RANGE_LOOP_ANALYSIS = YES;
				CLANG_WARN_STRICT_PROTOTYPES = YES;
				CLANG_WARN_SUSPICIOUS_MOVE = YES;
				CLANG_WARN_UNGUARDED_AVAILABILITY = YES_AGGRESSIVE;
				CLANG_WARN_UNREACHABLE_CODE = YES;
				CLANG_WARN__DUPLICATE_METHOD_MATCH = YES;
				CODE_SIGN_IDENTITY = "iPhone Developer";
				COPY_PHASE_STRIP = NO;
				DEBUG_INFORMATION_FORMAT = "dwarf-with-dsym";
				ENABLE_NS_ASSERTIONS = NO;
				ENABLE_STRICT_OBJC_MSGSEND = YES;
				GCC_C_LANGUAGE_STANDARD = gnu11;
				GCC_NO_COMMON_BLOCKS = YES;
				GCC_WARN_64_TO_32_BIT_CONVERSION = YES;
				GCC_WARN_ABOUT_RETURN_TYPE = YES_ERROR;
				GCC_WARN_UNDECLARED_SELECTOR = YES;
				GCC_WARN_UNINITIALIZED_AUTOS = YES_AGGRESSIVE;
				GCC_WARN_UNUSED_FUNCTION = YES;
				GCC_WARN_UNUSED_VARIABLE = YES;
				IPHONEOS_DEPLOYMENT_TARGET = 12.2;
				MTL_ENABLE_DEBUG_INFO = NO;
				MTL_FAST_MATH = YES;
				SDKROOT = iphoneos;
				SWIFT_COMPILATION_MODE = wholemodule;
				SWIFT_OPTIMIZATION_LEVEL = "-O";
				VALIDATE_PRODUCT = YES;
			};
			name = Release;
		};
		B32F2D3D22CC807000A81657 /* Debug */ = {
			isa = XCBuildConfiguration;
			buildSettings = {
				ASSETCATALOG_COMPILER_APPICON_NAME = AppIcon;
				CODE_SIGN_STYLE = Automatic;
				DEVELOPMENT_TEAM = FAD5RKZHCT;
				INFOPLIST_FILE = "Swift_文件操作/Info.plist";
				LD_RUNPATH_SEARCH_PATHS = (
					"$(inherited)",
					"@executable_path/Frameworks",
				);
				PRODUCT_BUNDLE_IDENTIFIER = "com.JX.Swift-----";
				PRODUCT_NAME = "$(TARGET_NAME)";
				SWIFT_VERSION = 5.0;
				TARGETED_DEVICE_FAMILY = "1,2";
			};
			name = Debug;
		};
		B32F2D3E22CC807000A81657 /* Release */ = {
			isa = XCBuildConfiguration;
			buildSettings = {
				ASSETCATALOG_COMPILER_APPICON_NAME = AppIcon;
				CODE_SIGN_STYLE = Automatic;
				DEVELOPMENT_TEAM = FAD5RKZHCT;
				INFOPLIST_FILE = "Swift_文件操作/Info.plist";
				LD_RUNPATH_SEARCH_PATHS = (
					"$(inherited)",
					"@executable_path/Frameworks",
				);
				PRODUCT_BUNDLE_IDENTIFIER = "com.JX.Swift-----";
				PRODUCT_NAME = "$(TARGET_NAME)";
				SWIFT_VERSION = 5.0;
				TARGETED_DEVICE_FAMILY = "1,2";
			};
			name = Release;
		};
		B32F2D4022CC807000A81657 /* Debug */ = {
			isa = XCBuildConfiguration;
			buildSettings = {
				ALWAYS_EMBED_SWIFT_STANDARD_LIBRARIES = YES;
				BUNDLE_LOADER = "$(TEST_HOST)";
				CODE_SIGN_STYLE = Automatic;
				DEVELOPMENT_TEAM = FAD5RKZHCT;
				INFOPLIST_FILE = "Swift_文件操作Tests/Info.plist";
				LD_RUNPATH_SEARCH_PATHS = (
					"$(inherited)",
					"@executable_path/Frameworks",
					"@loader_path/Frameworks",
				);
				PRODUCT_BUNDLE_IDENTIFIER = "com.JX.Swift-----Tests";
				PRODUCT_NAME = "$(TARGET_NAME)";
				SWIFT_VERSION = 5.0;
				TARGETED_DEVICE_FAMILY = "1,2";
				TEST_HOST = "$(BUILT_PRODUCTS_DIR)/Swift_文件操作.app/Swift_文件操作";
			};
			name = Debug;
		};
		B32F2D4122CC807000A81657 /* Release */ = {
			isa = XCBuildConfiguration;
			buildSettings = {
				ALWAYS_EMBED_SWIFT_STANDARD_LIBRARIES = YES;
				BUNDLE_LOADER = "$(TEST_HOST)";
				CODE_SIGN_STYLE = Automatic;
				DEVELOPMENT_TEAM = FAD5RKZHCT;
				INFOPLIST_FILE = "Swift_文件操作Tests/Info.plist";
				LD_RUNPATH_SEARCH_PATHS = (
					"$(inherited)",
					"@executable_path/Frameworks",
					"@loader_path/Frameworks",
				);
				PRODUCT_BUNDLE_IDENTIFIER = "com.JX.Swift-----Tests";
				PRODUCT_NAME = "$(TARGET_NAME)";
				SWIFT_VERSION = 5.0;
				TARGETED_DEVICE_FAMILY = "1,2";
				TEST_HOST = "$(BUILT_PRODUCTS_DIR)/Swift_文件操作.app/Swift_文件操作";
			};
			name = Release;
		};
		B32F2D4322CC807000A81657 /* Debug */ = {
			isa = XCBuildConfiguration;
			buildSettings = {
				ALWAYS_EMBED_SWIFT_STANDARD_LIBRARIES = YES;
				CODE_SIGN_STYLE = Automatic;
				DEVELOPMENT_TEAM = FAD5RKZHCT;
				INFOPLIST_FILE = "Swift_文件操作UITests/Info.plist";
				LD_RUNPATH_SEARCH_PATHS = (
					"$(inherited)",
					"@executable_path/Frameworks",
					"@loader_path/Frameworks",
				);
				PRODUCT_BUNDLE_IDENTIFIER = "com.JX.Swift-----UITests";
				PRODUCT_NAME = "$(TARGET_NAME)";
				SWIFT_VERSION = 5.0;
				TARGETED_DEVICE_FAMILY = "1,2";
				TEST_TARGET_NAME = "Swift_文件操作";
			};
			name = Debug;
		};
		B32F2D4422CC807000A81657 /* Release */ = {
			isa = XCBuildConfiguration;
			buildSettings = {
				ALWAYS_EMBED_SWIFT_STANDARD_LIBRARIES = YES;
				CODE_SIGN_STYLE = Automatic;
				DEVELOPMENT_TEAM = FAD5RKZHCT;
				INFOPLIST_FILE = "Swift_文件操作UITests/Info.plist";
				LD_RUNPATH_SEARCH_PATHS = (
					"$(inherited)",
					"@executable_path/Frameworks",
					"@loader_path/Frameworks",
				);
				PRODUCT_BUNDLE_IDENTIFIER = "com.JX.Swift-----UITests";
				PRODUCT_NAME = "$(TARGET_NAME)";
				SWIFT_VERSION = 5.0;
				TARGETED_DEVICE_FAMILY = "1,2";
				TEST_TARGET_NAME = "Swift_文件操作";
			};
			name = Release;
		};
/* End XCBuildConfiguration section */

/* Begin XCConfigurationList section */
		B32F2D0F22CC806F00A81657 /* Build configuration list for PBXProject "Swift_文件操作" */ = {
			isa = XCConfigurationList;
			buildConfigurations = (
				B32F2D3A22CC807000A81657 /* Debug */,
				B32F2D3B22CC807000A81657 /* Release */,
			);
			defaultConfigurationIsVisible = 0;
			defaultConfigurationName = Release;
		};
		B32F2D3C22CC807000A81657 /* Build configuration list for PBXNativeTarget "Swift_文件操作" */ = {
			isa = XCConfigurationList;
			buildConfigurations = (
				B32F2D3D22CC807000A81657 /* Debug */,
				B32F2D3E22CC807000A81657 /* Release */,
			);
			defaultConfigurationIsVisible = 0;
			defaultConfigurationName = Release;
		};
		B32F2D3F22CC807000A81657 /* Build configuration list for PBXNativeTarget "Swift_文件操作Tests" */ = {
			isa = XCConfigurationList;
			buildConfigurations = (
				B32F2D4022CC807000A81657 /* Debug */,
				B32F2D4122CC807000A81657 /* Release */,
			);
			defaultConfigurationIsVisible = 0;
			defaultConfigurationName = Release;
		};
		B32F2D4222CC807000A81657 /* Build configuration list for PBXNativeTarget "Swift_文件操作UITests" */ = {
			isa = XCConfigurationList;
			buildConfigurations = (
				B32F2D4322CC807000A81657 /* Debug */,
				B32F2D4422CC807000A81657 /* Release */,
			);
			defaultConfigurationIsVisible = 0;
			defaultConfigurationName = Release;
		};
/* End XCConfigurationList section */
	};
	rootObject = B32F2D0C22CC806F00A81657 /* Project object */;
}
